
Microsoft Visual Studio Solution File, Format Version 12.00
# Visual Studio Version 17
VisualStudioVersion = 17.3.32825.248
MinimumVisualStudioVersion = 10.0.40219.1
Project("{8BC9CEB8-8B4A-11D0-8D11-00A0C91BC942}") = "KV_16", "KV_16\KV_16.vcxproj", "{D3069BE1-2AB5-4635-97E7-3072D2AF3610}"
EndProject
Global
	GlobalSection(SolutionConfigurationPlatforms) = preSolution
		Debug|x64 = Debug|x64
		Debug|x86 = Debug|x86
		Release|x64 = Release|x64
		Release|x86 = Release|x86
	EndGlobalSection
	GlobalSection(ProjectConfigurationPlatforms) = postSolution
		{D3069BE1-2AB5-4635-97E7-3072D2AF3610}.Debug|x64.ActiveCfg = Debug|x64
		{D3069BE1-2AB5-4635-97E7-3072D2AF3610}.Debug|x64.Build.0 = Debug|x64
		{D3069BE1-2AB5-4635-97E7-3072D2AF3610}.Debug|x86.ActiveCfg = Debug|Win32
		{D3069BE1-2AB5-4635-97E7-3072D2AF3610}.Debug|x86.Build.0 = Debug|Win32
		{D3069BE1-2AB5-4635-97E7-3072D2AF3610}.Release|x64.ActiveCfg = Release|x64
		{D3069BE1-2AB5-4635-97E7-3072D2AF3610}.Release|x64.Build.0 = Release|x64
		{D3069BE1-2AB5-4635-97E7-3072D2AF3610}.Release|x86.ActiveCfg = Release|Win32
		{D3069BE1-2AB5-4635-97E7-3072D2AF3610}.Release|x86.Build.0 = Release|Win32
	EndGlobalSection
	GlobalSection(SolutionProperties) = preSolution
		HideSolutionNode = FALSE
	EndGlobalSection
	GlobalSection(ExtensibilityGlobals) = postSolution
		SolutionGuid = {D25A8029-0A34-4B7A-8DB5-7E87263829E0}
	EndGlobalSection
EndGlobal
